
Microsoft Visual Studio Solution File, Format Version 12.00
# Visual Studio Version 17
VisualStudioVersion = 17.9.34701.34
MinimumVisualStudioVersion = 10.0.40219.1
Project("{9A19103F-16F7-4668-BE54-9A1E7A4F7556}") = "eBikeManagmentWebApp", "eBikeManagmentWebApp\eBikeManagmentWebApp.csproj", "{D880283D-20EF-413C-B395-8F1F5D6E223E}"
EndProject
Project("{9A19103F-16F7-4668-BE54-9A1E7A4F7556}") = "SalesAndReturnSystem", "SalesAndReturnSystem\SalesAndReturnSystem.csproj", "{1932CD03-521D-42E6-9089-E7DB17573DF3}"
EndProject
Project("{9A19103F-16F7-4668-BE54-9A1E7A4F7556}") = "DesignFiles", "DesignFiles\DesignFiles.csproj", "{DBE5C76C-E7B3-4955-A514-1185A78F177A}"
EndProject
Project("{FAE04EC0-301F-11D3-BF4B-00C04F79EFBC}") = "ReceivingSystem", "ReceivingSystem\ReceivingSystem.csproj", "{92A829E1-85E4-47B6-9A1B-082E39BB7161}"
EndProject
Project("{FAE04EC0-301F-11D3-BF4B-00C04F79EFBC}") = "ServicingSystem", "ServicingSystem\ServicingSystem.csproj", "{4FB4EE11-6952-4336-8374-8C23CDB06AD5}"
EndProject
Global
	GlobalSection(SolutionConfigurationPlatforms) = preSolution
		Debug|Any CPU = Debug|Any CPU
		Release|Any CPU = Release|Any CPU
	EndGlobalSection
	GlobalSection(ProjectConfigurationPlatforms) = postSolution
		{D880283D-20EF-413C-B395-8F1F5D6E223E}.Debug|Any CPU.ActiveCfg = Debug|Any CPU
		{D880283D-20EF-413C-B395-8F1F5D6E223E}.Debug|Any CPU.Build.0 = Debug|Any CPU
		{D880283D-20EF-413C-B395-8F1F5D6E223E}.Release|Any CPU.ActiveCfg = Release|Any CPU
		{D880283D-20EF-413C-B395-8F1F5D6E223E}.Release|Any CPU.Build.0 = Release|Any CPU
		{1932CD03-521D-42E6-9089-E7DB17573DF3}.Debug|Any CPU.ActiveCfg = Debug|Any CPU
		{1932CD03-521D-42E6-9089-E7DB17573DF3}.Debug|Any CPU.Build.0 = Debug|Any CPU
		{1932CD03-521D-42E6-9089-E7DB17573DF3}.Release|Any CPU.ActiveCfg = Release|Any CPU
		{1932CD03-521D-42E6-9089-E7DB17573DF3}.Release|Any CPU.Build.0 = Release|Any CPU
		{DBE5C76C-E7B3-4955-A514-1185A78F177A}.Debug|Any CPU.ActiveCfg = Debug|Any CPU
		{DBE5C76C-E7B3-4955-A514-1185A78F177A}.Debug|Any CPU.Build.0 = Debug|Any CPU
		{DBE5C76C-E7B3-4955-A514-1185A78F177A}.Release|Any CPU.ActiveCfg = Release|Any CPU
		{DBE5C76C-E7B3-4955-A514-1185A78F177A}.Release|Any CPU.Build.0 = Release|Any CPU
		{92A829E1-85E4-47B6-9A1B-082E39BB7161}.Debug|Any CPU.ActiveCfg = Debug|Any CPU
		{92A829E1-85E4-47B6-9A1B-082E39BB7161}.Debug|Any CPU.Build.0 = Debug|Any CPU
		{92A829E1-85E4-47B6-9A1B-082E39BB7161}.Release|Any CPU.ActiveCfg = Release|Any CPU
		{92A829E1-85E4-47B6-9A1B-082E39BB7161}.Release|Any CPU.Build.0 = Release|Any CPU
		{4FB4EE11-6952-4336-8374-8C23CDB06AD5}.Debug|Any CPU.ActiveCfg = Debug|Any CPU
		{4FB4EE11-6952-4336-8374-8C23CDB06AD5}.Debug|Any CPU.Build.0 = Debug|Any CPU
		{4FB4EE11-6952-4336-8374-8C23CDB06AD5}.Release|Any CPU.ActiveCfg = Release|Any CPU
		{4FB4EE11-6952-4336-8374-8C23CDB06AD5}.Release|Any CPU.Build.0 = Release|Any CPU
	EndGlobalSection
	GlobalSection(SolutionProperties) = preSolution
		HideSolutionNode = FALSE
	EndGlobalSection
	GlobalSection(ExtensibilityGlobals) = postSolution
		SolutionGuid = {1A6F84F2-CB89-4166-BAA0-147CF313C086}
	EndGlobalSection
EndGlobal
